{"format_version":"1.0","provider_schemas":{"registry.terraform.io/renemontilva/confluence":{"provider":{"version":0,"block":{"attributes":{"host":{"type":"string","description":"Confluence's service hostname","description_kind":"markdown","optional":true},"token":{"type":"string","description":"Confluence's username token","description_kind":"markdown","optional":true,"sensitive":true},"user":{"type":"string","description":"Confluence's service username","description_kind":"markdown","optional":true}},"description":"Confluence provider interacts with atlassian confluence cloud service.\n\t\tYou must configured the provider with the proper credentials before you can use it.","description_kind":"plain"}},"resource_schemas":{"confluence_content":{"version":0,"block":{"attributes":{"body":{"type":"string","description":"The body of the new content.","description_kind":"markdown","required":true},"id":{"type":"string","description":"Content identifier","description_kind":"markdown","computed":true},"space":{"type":"string","description":"The space that the content is being created in.","description_kind":"markdown","required":true},"title":{"type":"string","description":"Defines the document title.","description_kind":"markdown","required":true},"type":{"type":"string","description":"The type of the new content. Custom content types defined by apps are also supported. eg. 'page', 'blogpost', 'comment' etc.","description_kind":"markdown","required":true}},"description":"The resource ```content``` creates a new piece of content.","description_kind":"markdown"}},"confluence_space":{"version":0,"block":{"attributes":{"description":{"type":"string","description":"The description of the new/updated space.","description_kind":"markdown","optional":true},"id":{"type":"number","description":"Space identifier number.","description_kind":"markdown","computed":true},"key":{"type":"string","description":"The key of the space to be returned, which is the space name e.g: key=\"DEVOPS\"","description_kind":"markdown","required":true},"name":{"type":"string","description":"The name of the space.","description_kind":"markdown","required":true}},"description":"Creates spaces, space is a container for organizing and grouping related pages of content.\n\t\tSpaces can be used to separate content by project, team, department, or other criteria.\n\t\t\n\t\tA Confluence space typically includes a set of pages that can be organized into a hierarchical structure, with parent and child pages. ","description_kind":"markdown"}}},"data_source_schemas":{"confluence_space":{"version":0,"block":{"attributes":{"id":{"type":"number","description":"Space identifier number.","description_kind":"markdown","computed":true},"key":{"type":"string","description":"The key of the space to be returned, which is the space name e.g: key=\"DEVOPS\"","description_kind":"markdown","required":true},"name":{"type":"string","description":"The name of the space.","description_kind":"markdown","computed":true},"status":{"type":"string","description":"Current status for the space.","description_kind":"markdown","computed":true},"type":{"type":"string","description":"Type of the space is based on, e.g: global, personal.","description_kind":"markdown","computed":true}},"description":"Returns a space. This includes information like the name, description, and permissions, but not the content in the space. A Confluence space typically includes a set of pages that can be organized into a hierarchical structure, with parent and child pages. The pages can contain a variety of content, including text, images, tables, lists, and more. Additionally, Confluence spaces provide features such as commenting, version history, and search capabilities for easy access to the content.","description_kind":"markdown"}}}}}}
